
Microsoft Visual Studio Solution File, Format Version 12.00
# Visual Studio Version 16
VisualStudioVersion = 16.0.31729.503
MinimumVisualStudioVersion = 10.0.40219.1
Project("{8BC9CEB8-8B4A-11D0-8D11-00A0C91BC942}") = "SimpleTimeServer", "SimpleTimeServer\SimpleTimeServer.vcxproj", "{64E51F01-753F-4783-AD9B-9629EC5917E0}"
EndProject
Project("{8BC9CEB8-8B4A-11D0-8D11-00A0C91BC942}") = "NetworkCommonStaticLibrary", "NetworkCommonStaticLibrary\NetworkCommonStaticLibrary.vcxproj", "{CE500B08-E428-4789-9C1A-C73E48E3B2B0}"
EndProject
Project("{8BC9CEB8-8B4A-11D0-8D11-00A0C91BC942}") = "SimpleTimeClient", "SimpleTimeClient\SimpleTimeClient.vcxproj", "{692F5411-21F0-41F1-A53B-DE7528480D79}"
EndProject
Global
	GlobalSection(SolutionConfigurationPlatforms) = preSolution
		Debug|x64 = Debug|x64
		Debug|x86 = Debug|x86
		Release|x64 = Release|x64
		Release|x86 = Release|x86
	EndGlobalSection
	GlobalSection(ProjectConfigurationPlatforms) = postSolution
		{64E51F01-753F-4783-AD9B-9629EC5917E0}.Debug|x64.ActiveCfg = Debug|x64
		{64E51F01-753F-4783-AD9B-9629EC5917E0}.Debug|x64.Build.0 = Debug|x64
		{64E51F01-753F-4783-AD9B-9629EC5917E0}.Debug|x86.ActiveCfg = Debug|Win32
		{64E51F01-753F-4783-AD9B-9629EC5917E0}.Debug|x86.Build.0 = Debug|Win32
		{64E51F01-753F-4783-AD9B-9629EC5917E0}.Release|x64.ActiveCfg = Release|x64
		{64E51F01-753F-4783-AD9B-9629EC5917E0}.Release|x64.Build.0 = Release|x64
		{64E51F01-753F-4783-AD9B-9629EC5917E0}.Release|x86.ActiveCfg = Release|Win32
		{64E51F01-753F-4783-AD9B-9629EC5917E0}.Release|x86.Build.0 = Release|Win32
		{CE500B08-E428-4789-9C1A-C73E48E3B2B0}.Debug|x64.ActiveCfg = Debug|x64
		{CE500B08-E428-4789-9C1A-C73E48E3B2B0}.Debug|x64.Build.0 = Debug|x64
		{CE500B08-E428-4789-9C1A-C73E48E3B2B0}.Debug|x86.ActiveCfg = Debug|Win32
		{CE500B08-E428-4789-9C1A-C73E48E3B2B0}.Debug|x86.Build.0 = Debug|Win32
		{CE500B08-E428-4789-9C1A-C73E48E3B2B0}.Release|x64.ActiveCfg = Release|x64
		{CE500B08-E428-4789-9C1A-C73E48E3B2B0}.Release|x64.Build.0 = Release|x64
		{CE500B08-E428-4789-9C1A-C73E48E3B2B0}.Release|x86.ActiveCfg = Release|Win32
		{CE500B08-E428-4789-9C1A-C73E48E3B2B0}.Release|x86.Build.0 = Release|Win32
		{692F5411-21F0-41F1-A53B-DE7528480D79}.Debug|x64.ActiveCfg = Debug|x64
		{692F5411-21F0-41F1-A53B-DE7528480D79}.Debug|x64.Build.0 = Debug|x64
		{692F5411-21F0-41F1-A53B-DE7528480D79}.Debug|x86.ActiveCfg = Debug|Win32
		{692F5411-21F0-41F1-A53B-DE7528480D79}.Debug|x86.Build.0 = Debug|Win32
		{692F5411-21F0-41F1-A53B-DE7528480D79}.Release|x64.ActiveCfg = Release|x64
		{692F5411-21F0-41F1-A53B-DE7528480D79}.Release|x64.Build.0 = Release|x64
		{692F5411-21F0-41F1-A53B-DE7528480D79}.Release|x86.ActiveCfg = Release|Win32
		{692F5411-21F0-41F1-A53B-DE7528480D79}.Release|x86.Build.0 = Release|Win32
	EndGlobalSection
	GlobalSection(SolutionProperties) = preSolution
		HideSolutionNode = FALSE
	EndGlobalSection
	GlobalSection(ExtensibilityGlobals) = postSolution
		SolutionGuid = {54E4EE5F-FAE6-4F74-A077-7A1EFF9AB6BD}
	EndGlobalSection
EndGlobal
